
Microsoft Visual Studio Solution File, Format Version 12.00
# Visual Studio 15
VisualStudioVersion = 15.0.27004.2008
MinimumVisualStudioVersion = 10.0.40219.1
Project("{8BC9CEB8-8B4A-11D0-8D11-00A0C91BC942}") = "hatTAS", "hatTAS\hatTAS.vcxproj", "{AA0B0F1C-743B-4564-8227-9107C16E5A11}"
EndProject
Global
	GlobalSection(SolutionConfigurationPlatforms) = preSolution
		Debug|x64 = Debug|x64
		Debug|x86 = Debug|x86
		Release|x64 = Release|x64
		Release|x86 = Release|x86
	EndGlobalSection
	GlobalSection(ProjectConfigurationPlatforms) = postSolution
		{AA0B0F1C-743B-4564-8227-9107C16E5A11}.Debug|x64.ActiveCfg = Debug|x64
		{AA0B0F1C-743B-4564-8227-9107C16E5A11}.Debug|x64.Build.0 = Debug|x64
		{AA0B0F1C-743B-4564-8227-9107C16E5A11}.Debug|x86.ActiveCfg = Debug|Win32
		{AA0B0F1C-743B-4564-8227-9107C16E5A11}.Debug|x86.Build.0 = Debug|Win32
		{AA0B0F1C-743B-4564-8227-9107C16E5A11}.Release|x64.ActiveCfg = Release|x64
		{AA0B0F1C-743B-4564-8227-9107C16E5A11}.Release|x64.Build.0 = Release|x64
		{AA0B0F1C-743B-4564-8227-9107C16E5A11}.Release|x86.ActiveCfg = Release|Win32
		{AA0B0F1C-743B-4564-8227-9107C16E5A11}.Release|x86.Build.0 = Release|Win32
	EndGlobalSection
	GlobalSection(SolutionProperties) = preSolution
		HideSolutionNode = FALSE
	EndGlobalSection
	GlobalSection(ExtensibilityGlobals) = postSolution
		SolutionGuid = {E8894D6B-54A8-416F-A25E-54D8509F4B8F}
	EndGlobalSection
EndGlobal
